
Microsoft Visual Studio Solution File, Format Version 12.00
# Visual Studio Version 17
VisualStudioVersion = 17.14.36518.9 d17.14
MinimumVisualStudioVersion = 10.0.40219.1
Project("{FAE04EC0-301F-11D3-BF4B-00C04F79EFBC}") = "Proyecto", "Proyecto\Proyecto.csproj", "{744FA553-AF8B-4A27-B4E3-9CC59FB79D72}"
EndProject
Global
	GlobalSection(SolutionConfigurationPlatforms) = preSolution
		Debug|Any CPU = Debug|Any CPU
		Release|Any CPU = Release|Any CPU
	EndGlobalSection
	GlobalSection(ProjectConfigurationPlatforms) = postSolution
		{744FA553-AF8B-4A27-B4E3-9CC59FB79D72}.Debug|Any CPU.ActiveCfg = Debug|Any CPU
		{744FA553-AF8B-4A27-B4E3-9CC59FB79D72}.Debug|Any CPU.Build.0 = Debug|Any CPU
		{744FA553-AF8B-4A27-B4E3-9CC59FB79D72}.Release|Any CPU.ActiveCfg = Release|Any CPU
		{744FA553-AF8B-4A27-B4E3-9CC59FB79D72}.Release|Any CPU.Build.0 = Release|Any CPU
	EndGlobalSection
	GlobalSection(SolutionProperties) = preSolution
		HideSolutionNode = FALSE
	EndGlobalSection
	GlobalSection(ExtensibilityGlobals) = postSolution
		SolutionGuid = {D2D4E142-2C78-4F00-8EEB-C3745CEF3166}
	EndGlobalSection
EndGlobal
